// !$*UTF8*$!
{
	archiveVersion = 1;
	classes = {
	};
	objectVersion = 56;
	objects = {

/* Begin PBXBuildFile section */
		A44F21CE2A78ED4F00D08494 /* ResourceConstants.swift in Sources */ = {isa = PBXBuildFile; fileRef = A44F21CD2A78ED4F00D08494 /* ResourceConstants.swift */; };
		A44F21D02A7962C500D08494 /* LeftAlignedCollectionViewFlowLayout.swift in Sources */ = {isa = PBXBuildFile; fileRef = A44F21CF2A7962C500D08494 /* LeftAlignedCollectionViewFlowLayout.swift */; };
		A4D3C7A02A78EBBD0075B5E0 /* AppDelegate.swift in Sources */ = {isa = PBXBuildFile; fileRef = A4D3C79F2A78EBBD0075B5E0 /* AppDelegate.swift */; };
		A4D3C7A42A78EBBD0075B5E0 /* ViewController.swift in Sources */ = {isa = PBXBuildFile; fileRef = A4D3C7A32A78EBBD0075B5E0 /* ViewController.swift */; };
		A4D3C7A72A78EBBD0075B5E0 /* Main.storyboard in Resources */ = {isa = PBXBuildFile; fileRef = A4D3C7A52A78EBBD0075B5E0 /* Main.storyboard */; };
		A4D3C7A92A78EBBF0075B5E0 /* Assets.xcassets in Resources */ = {isa = PBXBuildFile; fileRef = A4D3C7A82A78EBBF0075B5E0 /* Assets.xcassets */; };
		A4D3C7AC2A78EBBF0075B5E0 /* LaunchScreen.storyboard in Resources */ = {isa = PBXBuildFile; fileRef = A4D3C7AA2A78EBBF0075B5E0 /* LaunchScreen.storyboard */; };
/* End PBXBuildFile section */

/* Begin PBXFileReference section */
		A44F21CD2A78ED4F00D08494 /* ResourceConstants.swift */ = {isa = PBXFileReference; lastKnownFileType = sourcecode.swift; path = ResourceConstants.swift; sourceTree = "<group>"; };
		A44F21CF2A7962C500D08494 /* LeftAlignedCollectionViewFlowLayout.swift */ = {isa = PBXFileReference; lastKnownFileType = sourcecode.swift; path = LeftAlignedCollectionViewFlowLayout.swift; sourceTree = "<group>"; };
		A4D3C79C2A78EBBD0075B5E0 /* BusinessCardUIKit.app */ = {isa = PBXFileReference; explicitFileType = wrapper.application; includeInIndex = 0; path = BusinessCardUIKit.app; sourceTree = BUILT_PRODUCTS_DIR; };
		A4D3C79F2A78EBBD0075B5E0 /* AppDelegate.swift */ = {isa = PBXFileReference; lastKnownFileType = sourcecode.swift; path = AppDelegate.swift; sourceTree = "<group>"; };
		A4D3C7A32A78EBBD0075B5E0 /* ViewController.swift */ = {isa = PBXFileReference; lastKnownFileType = sourcecode.swift; path = ViewController.swift; sourceTree = "<group>"; };
		A4D3C7A62A78EBBD0075B5E0 /* Base */ = {isa = PBXFileReference; lastKnownFileType = file.storyboard; name = Base; path = Base.lproj/Main.storyboard; sourceTree = "<group>"; };
		A4D3C7A82A78EBBF0075B5E0 /* Assets.xcassets */ = {isa = PBXFileReference; lastKnownFileType = folder.assetcatalog; path = Assets.xcassets; sourceTree = "<group>"; };
		A4D3C7AB2A78EBBF0075B5E0 /* Base */ = {isa = PBXFileReference; lastKnownFileType = file.storyboard; name = Base; path = Base.lproj/LaunchScreen.storyboard; sourceTree = "<group>"; };
		A4D3C7AD2A78EBBF0075B5E0 /* Info.plist */ = {isa = PBXFileReference; lastKnownFileType = text.plist.xml; path = Info.plist; sourceTree = "<group>"; };
/* End PBXFileReference section */

/* Begin PBXFrameworksBuildPhase section */
		A4D3C7992A78EBBD0075B5E0 /* Frameworks */ = {
			isa = PBXFrameworksBuildPhase;
			buildActionMask = 2147483647;
			files = (
			);
			runOnlyForDeploymentPostprocessing = 0;
		};
/* End PBXFrameworksBuildPhase section */

/* Begin PBXGroup section */
		A44F21CB2A78EC6000D08494 /* Controllers */ = {
			isa = PBXGroup;
			children = (
				A4D3C7A32A78EBBD0075B5E0 /* ViewController.swift */,
			);
			path = Controllers;
			sourceTree = "<group>";
		};
		A44F21CC2A78EC7700D08494 /* Views */ = {
			isa = PBXGroup;
			children = (
				A4D3C7A52A78EBBD0075B5E0 /* Main.storyboard */,
				A4D3C7AA2A78EBBF0075B5E0 /* LaunchScreen.storyboard */,
			);
			path = Views;
			sourceTree = "<group>";
		};
		A4D3C7932A78EBBD0075B5E0 = {
			isa = PBXGroup;
			children = (
				A4D3C79E2A78EBBD0075B5E0 /* BusinessCardUIKit */,
				A4D3C79D2A78EBBD0075B5E0 /* Products */,
			);
			sourceTree = "<group>";
		};
		A4D3C79D2A78EBBD0075B5E0 /* Products */ = {
			isa = PBXGroup;
			children = (
				A4D3C79C2A78EBBD0075B5E0 /* BusinessCardUIKit.app */,
			);
			name = Products;
			sourceTree = "<group>";
		};
		A4D3C79E2A78EBBD0075B5E0 /* BusinessCardUIKit */ = {
			isa = PBXGroup;
			children = (
				A4D3C79F2A78EBBD0075B5E0 /* AppDelegate.swift */,
				A44F21CD2A78ED4F00D08494 /* ResourceConstants.swift */,
				A44F21CF2A7962C500D08494 /* LeftAlignedCollectionViewFlowLayout.swift */,
				A44F21CB2A78EC6000D08494 /* Controllers */,
				A44F21CC2A78EC7700D08494 /* Views */,
				A4D3C7A82A78EBBF0075B5E0 /* Assets.xcassets */,
				A4D3C7AD2A78EBBF0075B5E0 /* Info.plist */,
			);
			path = BusinessCardUIKit;
			sourceTree = "<group>";
		};
/* End PBXGroup section */

/* Begin PBXNativeTarget section */
		A4D3C79B2A78EBBD0075B5E0 /* BusinessCardUIKit */ = {
			isa = PBXNativeTarget;
			buildConfigurationList = A4D3C7B02A78EBBF0075B5E0 /* Build configuration list for PBXNativeTarget "BusinessCardUIKit" */;
			buildPhases = (
				A4D3C7982A78EBBD0075B5E0 /* Sources */,
				A4D3C7992A78EBBD0075B5E0 /* Frameworks */,
				A4D3C79A2A78EBBD0075B5E0 /* Resources */,
			);
			buildRules = (
			);
			dependencies = (
			);
			name = BusinessCardUIKit;
			productName = BusinessCardUIKit;
			productReference = A4D3C79C2A78EBBD0075B5E0 /* BusinessCardUIKit.app */;
			productType = "com.apple.product-type.application";
		};
/* End PBXNativeTarget section */

/* Begin PBXProject section */
		A4D3C7942A78EBBD0075B5E0 /* Project object */ = {
			isa = PBXProject;
			attributes = {
				BuildIndependentTargetsInParallel = 1;
				LastSwiftUpdateCheck = 1500;
				LastUpgradeCheck = 1500;
				TargetAttributes = {
					A4D3C79B2A78EBBD0075B5E0 = {
						CreatedOnToolsVersion = 15.0;
					};
				};
			};
			buildConfigurationList = A4D3C7972A78EBBD0075B5E0 /* Build configuration list for PBXProject "BusinessCardUIKit" */;
			compatibilityVersion = "Xcode 14.0";
			developmentRegion = en;
			hasScannedForEncodings = 0;
			knownRegions = (
				en,
				Base,
			);
			mainGroup = A4D3C7932A78EBBD0075B5E0;
			productRefGroup = A4D3C79D2A78EBBD0075B5E0 /* Products */;
			projectDirPath = "";
			projectRoot = "";
			targets = (
				A4D3C79B2A78EBBD0075B5E0 /* BusinessCardUIKit */,
			);
		};
/* End PBXProject section */

/* Begin PBXResourcesBuildPhase section */
		A4D3C79A2A78EBBD0075B5E0 /* Resources */ = {
			isa = PBXResourcesBuildPhase;
			buildActionMask = 2147483647;
			files = (
				A4D3C7AC2A78EBBF0075B5E0 /* LaunchScreen.storyboard in Resources */,
				A4D3C7A92A78EBBF0075B5E0 /* Assets.xcassets in Resources */,
				A4D3C7A72A78EBBD0075B5E0 /* Main.storyboard in Resources */,
			);
			runOnlyForDeploymentPostprocessing = 0;
		};
/* End PBXResourcesBuildPhase section */

/* Begin PBXSourcesBuildPhase section */
		A4D3C7982A78EBBD0075B5E0 /* Sources */ = {
			isa = PBXSourcesBuildPhase;
			buildActionMask = 2147483647;
			files = (
				A4D3C7A42A78EBBD0075B5E0 /* ViewController.swift in Sources */,
				A4D3C7A02A78EBBD0075B5E0 /* AppDelegate.swift in Sources */,
				A44F21D02A7962C500D08494 /* LeftAlignedCollectionViewFlowLayout.swift in Sources */,
				A44F21CE2A78ED4F00D08494 /* ResourceConstants.swift in Sources */,
			);
			runOnlyForDeploymentPostprocessing = 0;
		};
/* End PBXSourcesBuildPhase section */

/* Begin PBXVariantGroup section */
		A4D3C7A52A78EBBD0075B5E0 /* Main.storyboard */ = {
			isa = PBXVariantGroup;
			children = (
				A4D3C7A62A78EBBD0075B5E0 /* Base */,
			);
			name = Main.storyboard;
			sourceTree = "<group>";
		};
		A4D3C7AA2A78EBBF0075B5E0 /* LaunchScreen.storyboard */ = {
			isa = PBXVariantGroup;
			children = (
				A4D3C7AB2A78EBBF0075B5E0 /* Base */,
			);
			name = LaunchScreen.storyboard;
			sourceTree = "<group>";
		};
/* End PBXVariantGroup section */

/* Begin XCBuildConfiguration section */
		A4D3C7AE2A78EBBF0075B5E0 /* Debug */ = {
			isa = XCBuildConfiguration;
			buildSettings = {
				ALWAYS_SEARCH_USER_PATHS = NO;
				ASSETCATALOG_COMPILER_GENERATE_SWIFT_ASSET_SYMBOL_EXTENSIONS = YES;
				CLANG_ANALYZER_NONNULL = YES;
				CLANG_ANALYZER_NUMBER_OBJECT_CONVERSION = YES_AGGRESSIVE;
				CLANG_CXX_LANGUAGE_STANDARD = "gnu++20";
				CLANG_ENABLE_MODULES = YES;
				CLANG_ENABLE_OBJC_ARC = YES;
				CLANG_ENABLE_OBJC_WEAK = YES;
				CLANG_WARN_BLOCK_CAPTURE_AUTORELEASING = YES;
				CLANG_WARN_BOOL_CONVERSION = YES;
				CLANG_WARN_COMMA = YES;
				CLANG_WARN_CONSTANT_CONVERSION = YES;
				CLANG_WARN_DEPRECATED_OBJC_IMPLEMENTATIONS = YES;
				CLANG_WARN_DIRECT_OBJC_ISA_USAGE = YES_ERROR;
				CLANG_WARN_DOCUMENTATION_COMMENTS = YES;
				CLANG_WARN_EMPTY_BODY = YES;
				CLANG_WARN_ENUM_CONVERSION = YES;
				CLANG_WARN_INFINITE_RECURSION = YES;
				CLANG_WARN_INT_CONVERSION = YES;
				CLANG_WARN_NON_LITERAL_NULL_CONVERSION = YES;
				CLANG_WARN_OBJC_IMPLICIT_RETAIN_SELF = YES;
				CLANG_WARN_OBJC_LITERAL_CONVERSION = YES;
				CLANG_WARN_OBJC_ROOT_CLASS = YES_ERROR;
				CLANG_WARN_QUOTED_INCLUDE_IN_FRAMEWORK_HEADER = YES;
				CLANG_WARN_RANGE_LOOP_ANALYSIS = YES;
				CLANG_WARN_STRICT_PROTOTYPES = YES;
				CLANG_WARN_SUSPICIOUS_MOVE = YES;
				CLANG_WARN_UNGUARDED_AVAILABILITY = YES_AGGRESSIVE;
				CLANG_WARN_UNREACHABLE_CODE = YES;
				CLANG_WARN__DUPLICATE_METHOD_MATCH = YES;
				COPY_PHASE_STRIP = NO;
				DEBUG_INFORMATION_FORMAT = dwarf;
				ENABLE_STRICT_OBJC_MSGSEND = YES;
				ENABLE_TESTABILITY = YES;
				ENABLE_USER_SCRIPT_SANDBOXING = YES;
				GCC_C_LANGUAGE_STANDARD = gnu17;
				GCC_DYNAMIC_NO_PIC = NO;
				GCC_NO_COMMON_BLOCKS = YES;
				GCC_OPTIMIZATION_LEVEL = 0;
				GCC_PREPROCESSOR_DEFINITIONS = (
					"DEBUG=1",
					"$(inherited)",
				);
				GCC_WARN_64_TO_32_BIT_CONVERSION = YES;
				GCC_WARN_ABOUT_RETURN_TYPE = YES_ERROR;
				GCC_WARN_UNDECLARED_SELECTOR = YES;
				GCC_WARN_UNINITIALIZED_AUTOS = YES_AGGRESSIVE;
				GCC_WARN_UNUSED_FUNCTION = YES;
				GCC_WARN_UNUSED_VARIABLE = YES;
				IPHONEOS_DEPLOYMENT_TARGET = 17.0;
				LOCALIZATION_PREFERS_STRING_CATALOGS = YES;
				MTL_ENABLE_DEBUG_INFO = INCLUDE_SOURCE;
				MTL_FAST_MATH = YES;
				ONLY_ACTIVE_ARCH = YES;
				SDKROOT = iphoneos;
				SWIFT_ACTIVE_COMPILATION_CONDITIONS = "DEBUG $(inherited)";
				SWIFT_OPTIMIZATION_LEVEL = "-Onone";
			};
			name = Debug;
		};
		A4D3C7AF2A78EBBF0075B5E0 /* Release */ = {
			isa = XCBuildConfiguration;
			buildSettings = {
				ALWAYS_SEARCH_USER_PATHS = NO;
				ASSETCATALOG_COMPILER_GENERATE_SWIFT_ASSET_SYMBOL_EXTENSIONS = YES;
				CLANG_ANALYZER_NONNULL = YES;
				CLANG_ANALYZER_NUMBER_OBJECT_CONVERSION = YES_AGGRESSIVE;
				CLANG_CXX_LANGUAGE_STANDARD = "gnu++20";
				CLANG_ENABLE_MODULES = YES;
				CLANG_ENABLE_OBJC_ARC = YES;
				CLANG_ENABLE_OBJC_WEAK = YES;
				CLANG_WARN_BLOCK_CAPTURE_AUTORELEASING = YES;
				CLANG_WARN_BOOL_CONVERSION = YES;
				CLANG_WARN_COMMA = YES;
				CLANG_WARN_CONSTANT_CONVERSION = YES;
				CLANG_WARN_DEPRECATED_OBJC_IMPLEMENTATIONS = YES;
				CLANG_WARN_DIRECT_OBJC_ISA_USAGE = YES_ERROR;
				CLANG_WARN_DOCUMENTATION_COMMENTS = YES;
				CLANG_WARN_EMPTY_BODY = YES;
				CLANG_WARN_ENUM_CONVERSION = YES;
				CLANG_WARN_INFINITE_RECURSION = YES;
				CLANG_WARN_INT_CONVERSION = YES;
				CLANG_WARN_NON_LITERAL_NULL_CONVERSION = YES;
				CLANG_WARN_OBJC_IMPLICIT_RETAIN_SELF = YES;
				CLANG_WARN_OBJC_LITERAL_CONVERSION = YES;
				CLANG_WARN_OBJC_ROOT_CLASS = YES_ERROR;
				CLANG_WARN_QUOTED_INCLUDE_IN_FRAMEWORK_HEADER = YES;
				CLANG_WARN_RANGE_LOOP_ANALYSIS = YES;
				CLANG_WARN_STRICT_PROTOTYPES = YES;
				CLANG_WARN_SUSPICIOUS_MOVE = YES;
				CLANG_WARN_UNGUARDED_AVAILABILITY = YES_AGGRESSIVE;
				CLANG_WARN_UNREACHABLE_CODE = YES;
				CLANG_WARN__DUPLICATE_METHOD_MATCH = YES;
				COPY_PHASE_STRIP = NO;
				DEBUG_INFORMATION_FORMAT = "dwarf-with-dsym";
				ENABLE_NS_ASSERTIONS = NO;
				ENABLE_STRICT_OBJC_MSGSEND = YES;
				ENABLE_USER_SCRIPT_SANDBOXING = YES;
				GCC_C_LANGUAGE_STANDARD = gnu17;
				GCC_NO_COMMON_BLOCKS = YES;
				GCC_WARN_64_TO_32_BIT_CONVERSION = YES;
				GCC_WARN_ABOUT_RETURN_TYPE = YES_ERROR;
				GCC_WARN_UNDECLARED_SELECTOR = YES;
				GCC_WARN_UNINITIALIZED_AUTOS = YES_AGGRESSIVE;
				GCC_WARN_UNUSED_FUNCTION = YES;
				GCC_WARN_UNUSED_VARIABLE = YES;
				IPHONEOS_DEPLOYMENT_TARGET = 17.0;
				LOCALIZATION_PREFERS_STRING_CATALOGS = YES;
				MTL_ENABLE_DEBUG_INFO = NO;
				MTL_FAST_MATH = YES;
				SDKROOT = iphoneos;
				SWIFT_COMPILATION_MODE = wholemodule;
				VALIDATE_PRODUCT = YES;
			};
			name = Release;
		};
		A4D3C7B12A78EBBF0075B5E0 /* Debug */ = {
			isa = XCBuildConfiguration;
			buildSettings = {
				ASSETCATALOG_COMPILER_APPICON_NAME = AppIcon;
				ASSETCATALOG_COMPILER_GLOBAL_ACCENT_COLOR_NAME = AccentColor;
				CODE_SIGN_STYLE = Automatic;
				CURRENT_PROJECT_VERSION = 1;
				DEVELOPMENT_TEAM = UV4BPKP674;
				GENERATE_INFOPLIST_FILE = YES;
				INFOPLIST_FILE = BusinessCardUIKit/Info.plist;
				INFOPLIST_KEY_UIApplicationSupportsIndirectInputEvents = YES;
				INFOPLIST_KEY_UILaunchStoryboardName = LaunchScreen;
				INFOPLIST_KEY_UIMainStoryboardFile = Main;
				INFOPLIST_KEY_UISupportedInterfaceOrientations_iPad = "UIInterfaceOrientationPortrait UIInterfaceOrientationPortraitUpsideDown UIInterfaceOrientationLandscapeLeft UIInterfaceOrientationLandscapeRight";
				INFOPLIST_KEY_UISupportedInterfaceOrientations_iPhone = "UIInterfaceOrientationPortrait UIInterfaceOrientationLandscapeLeft UIInterfaceOrientationLandscapeRight";
				IPHONEOS_DEPLOYMENT_TARGET = 16.0;
				LD_RUNPATH_SEARCH_PATHS = (
					"$(inherited)",
					"@executable_path/Frameworks",
				);
				MARKETING_VERSION = 1.0;
				PRODUCT_BUNDLE_IDENTIFIER = com.vsv.BusinessCardUIKit;
				PRODUCT_NAME = "$(TARGET_NAME)";
				SWIFT_EMIT_LOC_STRINGS = YES;
				SWIFT_VERSION = 5.0;
				TARGETED_DEVICE_FAMILY = "1,2";
			};
			name = Debug;
		};
		A4D3C7B22A78EBBF0075B5E0 /* Release */ = {
			isa = XCBuildConfiguration;
			buildSettings = {
				ASSETCATALOG_COMPILER_APPICON_NAME = AppIcon;
				ASSETCATALOG_COMPILER_GLOBAL_ACCENT_COLOR_NAME = AccentColor;
				CODE_SIGN_STYLE = Automatic;
				CURRENT_PROJECT_VERSION = 1;
				DEVELOPMENT_TEAM = UV4BPKP674;
				GENERATE_INFOPLIST_FILE = YES;
				INFOPLIST_FILE = BusinessCardUIKit/Info.plist;
				INFOPLIST_KEY_UIApplicationSupportsIndirectInputEvents = YES;
				INFOPLIST_KEY_UILaunchStoryboardName = LaunchScreen;
				INFOPLIST_KEY_UIMainStoryboardFile = Main;
				INFOPLIST_KEY_UISupportedInterfaceOrientations_iPad = "UIInterfaceOrientationPortrait UIInterfaceOrientationPortraitUpsideDown UIInterfaceOrientationLandscapeLeft UIInterfaceOrientationLandscapeRight";
				INFOPLIST_KEY_UISupportedInterfaceOrientations_iPhone = "UIInterfaceOrientationPortrait UIInterfaceOrientationLandscapeLeft UIInterfaceOrientationLandscapeRight";
				IPHONEOS_DEPLOYMENT_TARGET = 16.0;
				LD_RUNPATH_SEARCH_PATHS = (
					"$(inherited)",
					"@executable_path/Frameworks",
				);
				MARKETING_VERSION = 1.0;
				PRODUCT_BUNDLE_IDENTIFIER = com.vsv.BusinessCardUIKit;
				PRODUCT_NAME = "$(TARGET_NAME)";
				SWIFT_EMIT_LOC_STRINGS = YES;
				SWIFT_VERSION = 5.0;
				TARGETED_DEVICE_FAMILY = "1,2";
			};
			name = Release;
		};
/* End XCBuildConfiguration section */

/* Begin XCConfigurationList section */
		A4D3C7972A78EBBD0075B5E0 /* Build configuration list for PBXProject "BusinessCardUIKit" */ = {
			isa = XCConfigurationList;
			buildConfigurations = (
				A4D3C7AE2A78EBBF0075B5E0 /* Debug */,
				A4D3C7AF2A78EBBF0075B5E0 /* Release */,
			);
			defaultConfigurationIsVisible = 0;
			defaultConfigurationName = Release;
		};
		A4D3C7B02A78EBBF0075B5E0 /* Build configuration list for PBXNativeTarget "BusinessCardUIKit" */ = {
			isa = XCConfigurationList;
			buildConfigurations = (
				A4D3C7B12A78EBBF0075B5E0 /* Debug */,
				A4D3C7B22A78EBBF0075B5E0 /* Release */,
			);
			defaultConfigurationIsVisible = 0;
			defaultConfigurationName = Release;
		};
/* End XCConfigurationList section */
	};
	rootObject = A4D3C7942A78EBBD0075B5E0 /* Project object */;
}
